
Microsoft Visual Studio Solution File, Format Version 12.00
# Visual Studio Version 16
VisualStudioVersion = 16.0.34601.136
MinimumVisualStudioVersion = 10.0.40219.1
Project("{FAE04EC0-301F-11D3-BF4B-00C04F79EFBC}") = "Study_Planner", "Study_Planner.csproj", "{1D21C1E3-C14D-4416-AA5E-5199DFB0BF4E}"
EndProject
Global
	GlobalSection(SolutionConfigurationPlatforms) = preSolution
		Debug|Any CPU = Debug|Any CPU
		Release|Any CPU = Release|Any CPU
	EndGlobalSection
	GlobalSection(ProjectConfigurationPlatforms) = postSolution
		{1D21C1E3-C14D-4416-AA5E-5199DFB0BF4E}.Debug|Any CPU.ActiveCfg = Debug|Any CPU
		{1D21C1E3-C14D-4416-AA5E-5199DFB0BF4E}.Debug|Any CPU.Build.0 = Debug|Any CPU
		{1D21C1E3-C14D-4416-AA5E-5199DFB0BF4E}.Release|Any CPU.ActiveCfg = Release|Any CPU
		{1D21C1E3-C14D-4416-AA5E-5199DFB0BF4E}.Release|Any CPU.Build.0 = Release|Any CPU
	EndGlobalSection
	GlobalSection(SolutionProperties) = preSolution
		HideSolutionNode = FALSE
	EndGlobalSection
	GlobalSection(ExtensibilityGlobals) = postSolution
		SolutionGuid = {BC1D1E88-2430-4B26-8711-E68184F903B9}
	EndGlobalSection
EndGlobal
